{
  "name": "hexo-site",
  "version": "0.0.0",
  "lockfileVersion": 1,
  "dependencies": {
    "hexo-renderer-markdown-it": {
      "version": "3.4.1",
      "resolved": "http://registry.npm.taobao.org/hexo-renderer-markdown-it/download/hexo-renderer-markdown-it-3.4.1.tgz",
      "dependencies": {
        "lodash.assign": {
          "version": "3.2.0",
          "resolved": "http://registry.npm.taobao.org/lodash.assign/download/lodash.assign-3.2.0.tgz",
          "dependencies": {
            "lodash._baseassign": {
              "version": "3.2.0",
              "resolved": "http://registry.npm.taobao.org/lodash._baseassign/download/lodash._baseassign-3.2.0.tgz",
              "dependencies": {
                "lodash._basecopy": {
                  "version": "3.0.1",
                  "resolved": "http://registry.npm.taobao.org/lodash._basecopy/download/lodash._basecopy-3.0.1.tgz"
                },
                "lodash.keys": {
                  "version": "3.1.2",
                  "resolved": "http://registry.npm.taobao.org/lodash.keys/download/lodash.keys-3.1.2.tgz",
                  "dependencies": {
                    "lodash._getnative": {
                      "version": "3.9.1",
                      "resolved": "http://registry.npm.taobao.org/lodash._getnative/download/lodash._getnative-3.9.1.tgz"
                    },
                    "lodash.isarguments": {
                      "version": "3.1.0",
                      "resolved": "http://registry.npm.taobao.org/lodash.isarguments/download/lodash.isarguments-3.1.0.tgz"
                    },
                    "lodash.isarray": {
                      "version": "3.0.4",
                      "resolved": "http://registry.npm.taobao.org/lodash.isarray/download/lodash.isarray-3.0.4.tgz"
                    }
                  }
                }
              }
            },
            "lodash._createassigner": {
              "version": "3.1.1",
              "resolved": "http://registry.npm.taobao.org/lodash._createassigner/download/lodash._createassigner-3.1.1.tgz",
              "dependencies": {
                "lodash._bindcallback": {
                  "version": "3.0.1",
                  "resolved": "http://registry.npm.taobao.org/lodash._bindcallback/download/lodash._bindcallback-3.0.1.tgz"
                },
                "lodash._isiterateecall": {
                  "version": "3.0.9",
                  "resolved": "http://registry.npm.taobao.org/lodash._isiterateecall/download/lodash._isiterateecall-3.0.9.tgz"
                },
                "lodash.restparam": {
                  "version": "3.6.1",
                  "resolved": "http://registry.npm.taobao.org/lodash.restparam/download/lodash.restparam-3.6.1.tgz"
                }
              }
            },
            "lodash.keys": {
              "version": "3.1.2",
              "resolved": "http://registry.npm.taobao.org/lodash.keys/download/lodash.keys-3.1.2.tgz",
              "dependencies": {
                "lodash._getnative": {
                  "version": "3.9.1",
                  "resolved": "http://registry.npm.taobao.org/lodash._getnative/download/lodash._getnative-3.9.1.tgz"
                },
                "lodash.isarguments": {
                  "version": "3.1.0",
                  "resolved": "http://registry.npm.taobao.org/lodash.isarguments/download/lodash.isarguments-3.1.0.tgz"
                },
                "lodash.isarray": {
                  "version": "3.0.4",
                  "resolved": "http://registry.npm.taobao.org/lodash.isarray/download/lodash.isarray-3.0.4.tgz"
                }
              }
            }
          }
        },
        "markdown-it": {
          "version": "5.1.0",
          "resolved": "http://registry.npm.taobao.org/markdown-it/download/markdown-it-5.1.0.tgz",
          "dependencies": {
            "argparse": {
              "version": "1.0.9",
              "resolved": "http://registry.npm.taobao.org/argparse/download/argparse-1.0.9.tgz",
              "dependencies": {
                "sprintf-js": {
                  "version": "1.0.3",
                  "resolved": "http://registry.npm.taobao.org/sprintf-js/download/sprintf-js-1.0.3.tgz"
                }
              }
            },
            "entities": {
              "version": "1.1.1",
              "resolved": "http://registry.npm.taobao.org/entities/download/entities-1.1.1.tgz"
            },
            "linkify-it": {
              "version": "1.2.4",
              "resolved": "http://registry.npm.taobao.org/linkify-it/download/linkify-it-1.2.4.tgz",
              "dependencies": {
                "uc.micro": {
                  "version": "1.0.3",
                  "resolved": "http://registry.npm.taobao.org/uc.micro/download/uc.micro-1.0.3.tgz"
                }
              }
            },
            "mdurl": {
              "version": "1.0.1",
              "resolved": "http://registry.npm.taobao.org/mdurl/download/mdurl-1.0.1.tgz"
            },
            "uc.micro": {
              "version": "1.0.3",
              "resolved": "http://registry.npm.taobao.org/uc.micro/download/uc.micro-1.0.3.tgz"
            }
          }
        },
        "markdown-it-abbr": {
          "version": "1.0.4",
          "resolved": "http://registry.npm.taobao.org/markdown-it-abbr/download/markdown-it-abbr-1.0.4.tgz"
        },
        "markdown-it-footnote": {
          "version": "2.0.0",
          "resolved": "http://registry.npm.taobao.org/markdown-it-footnote/download/markdown-it-footnote-2.0.0.tgz"
        },
        "markdown-it-ins": {
          "version": "2.0.0",
          "resolved": "http://registry.npm.taobao.org/markdown-it-ins/download/markdown-it-ins-2.0.0.tgz"
        },
        "markdown-it-sub": {
          "version": "1.0.0",
          "resolved": "http://registry.npm.taobao.org/markdown-it-sub/download/markdown-it-sub-1.0.0.tgz"
        },
        "markdown-it-sup": {
          "version": "1.0.0",
          "resolved": "http://registry.npm.taobao.org/markdown-it-sup/download/markdown-it-sup-1.0.0.tgz"
        },
        "sluggo": {
          "version": "0.2.0",
          "resolved": "http://registry.npm.taobao.org/sluggo/download/sluggo-0.2.0.tgz"
        }
      }
    },
    "markdown-it-emoji": {
      "version": "1.3.0",
      "resolved": "https://registry.npmjs.org/markdown-it-emoji/-/markdown-it-emoji-1.3.0.tgz",
      "integrity": "sha1-kDrhqZaMPxfU4ULxFdTsV15W0ss="
    }
  }
}
